PODS:
  - DeepDiff (2.3.1)
  - HoloCollectionView (2.0.0)
  - HoloCollectionViewDiffPlugin (0.2.0):
    - DeepDiff
    - HoloCollectionView

DEPENDENCIES:
  - HoloCollectionViewDiffPlugin (from `../`)

SPEC REPOS:
  trunk:
    - DeepDiff
    - HoloCollectionView

EXTERNAL SOURCES:
  HoloCollectionViewDiffPlugin:
    :path: "../"

SPEC CHECKSUMS:
  DeepDiff: e5ae6c50d0321568e4508cec5930b9f10bb293fc
  HoloCollectionView: 6e44636fe5996566ecab63b91e74a68b8c48dd07
  HoloCollectionViewDiffPlugin: 79872022f94ee9f7e7df521512917b50e313374a

PODFILE CHECKSUM: 797b55375db2dc23aa7c76814832160d09ae4433

COCOAPODS: 1.10.1
