PODS:
  - DeepDiff (2.3.1)
  - HoloCollectionView (1.2.0)
  - HoloCollectionViewDiffPlugin (0.1.0):
    - DeepDiff (~> 2.3)
    - HoloCollectionView (~> 1.2)

DEPENDENCIES:
  - HoloCollectionViewDiffPlugin (from `../`)

SPEC REPOS:
  trunk:
    - DeepDiff
    - HoloCollectionView

EXTERNAL SOURCES:
  HoloCollectionViewDiffPlugin:
    :path: "../"

SPEC CHECKSUMS:
  DeepDiff: e5ae6c50d0321568e4508cec5930b9f10bb293fc
  HoloCollectionView: 65a77ad3ced926654fd383485680d5766ce0a4a3
  HoloCollectionViewDiffPlugin: fb7c5bb57ab0ca3aed0f7d81a17c0f1e01006d92

PODFILE CHECKSUM: 797b55375db2dc23aa7c76814832160d09ae4433

COCOAPODS: 1.9.3
